
Microsoft Visual Studio Solution File, Format Version 12.00
# Visual Studio 15
VisualStudioVersion = 15.0.28010.0
MinimumVisualStudioVersion = 10.0.40219.1
Project("{FAE04EC0-301F-11D3-BF4B-00C04F79EFBC}") = "ESLTracker", "ESLTracker\ESLTracker.csproj", "{5DF69785-80FD-4D08-A500-BC029B4FDF61}"
EndProject
Project("{FAE04EC0-301F-11D3-BF4B-00C04F79EFBC}") = "ESLTrackerTests", "ESLTrackerTests\ESLTrackerTests.csproj", "{8ECDB105-470D-4A59-830C-BA5F297CC449}"
EndProject
Project("{2150E333-8FDC-42A3-9474-1A3956D46DE8}") = "Solution Items", "Solution Items", "{EFCDD6F0-FB4C-4153-B003-569825DC212C}"
	ProjectSection(SolutionItems) = preProject
		Masser - ESL Tracker.tdl = Masser - ESL Tracker.tdl
		README.md = README.md
	EndProjectSection
EndProject
Project("{2150E333-8FDC-42A3-9474-1A3956D46DE8}") = "Build", "Build", "{200098ED-62E7-40D1-B607-013A7799C167}"
	ProjectSection(SolutionItems) = preProject
		azure-pipelines.yml = azure-pipelines.yml
		Build\build.xml = Build\build.xml
		Build\versions.json = Build\versions.json
		Build\versions.targets = Build\versions.targets
	EndProjectSection
EndProject
Project("{9A19103F-16F7-4668-BE54-9A1E7A4F7556}") = "TESLTracker.DataModel", "Src\TESLTracker.DataModel\TESLTracker.DataModel.csproj", "{B99AABE7-B02D-46EF-A4FE-7B536C2838FA}"
EndProject
Project("{9A19103F-16F7-4668-BE54-9A1E7A4F7556}") = "TESLTracker.Utils", "Src\TESLTracker.Utils\TESLTracker.Utils.csproj", "{F6CFD416-634F-4E9E-A728-D5642728BD56}"
EndProject
Global
	GlobalSection(SolutionConfigurationPlatforms) = preSolution
		Debug|Any CPU = Debug|Any CPU
		Release|Any CPU = Release|Any CPU
	EndGlobalSection
	GlobalSection(ProjectConfigurationPlatforms) = postSolution
		{5DF69785-80FD-4D08-A500-BC029B4FDF61}.Debug|Any CPU.ActiveCfg = Debug|Any CPU
		{5DF69785-80FD-4D08-A500-BC029B4FDF61}.Debug|Any CPU.Build.0 = Debug|Any CPU
		{5DF69785-80FD-4D08-A500-BC029B4FDF61}.Release|Any CPU.ActiveCfg = Release|Any CPU
		{5DF69785-80FD-4D08-A500-BC029B4FDF61}.Release|Any CPU.Build.0 = Release|Any CPU
		{8ECDB105-470D-4A59-830C-BA5F297CC449}.Debug|Any CPU.ActiveCfg = Debug|Any CPU
		{8ECDB105-470D-4A59-830C-BA5F297CC449}.Debug|Any CPU.Build.0 = Debug|Any CPU
		{8ECDB105-470D-4A59-830C-BA5F297CC449}.Release|Any CPU.ActiveCfg = Release|Any CPU
		{8ECDB105-470D-4A59-830C-BA5F297CC449}.Release|Any CPU.Build.0 = Release|Any CPU
		{B99AABE7-B02D-46EF-A4FE-7B536C2838FA}.Debug|Any CPU.ActiveCfg = Debug|Any CPU
		{B99AABE7-B02D-46EF-A4FE-7B536C2838FA}.Debug|Any CPU.Build.0 = Debug|Any CPU
		{B99AABE7-B02D-46EF-A4FE-7B536C2838FA}.Release|Any CPU.ActiveCfg = Release|Any CPU
		{B99AABE7-B02D-46EF-A4FE-7B536C2838FA}.Release|Any CPU.Build.0 = Release|Any CPU
		{F6CFD416-634F-4E9E-A728-D5642728BD56}.Debug|Any CPU.ActiveCfg = Debug|Any CPU
		{F6CFD416-634F-4E9E-A728-D5642728BD56}.Debug|Any CPU.Build.0 = Debug|Any CPU
		{F6CFD416-634F-4E9E-A728-D5642728BD56}.Release|Any CPU.ActiveCfg = Release|Any CPU
		{F6CFD416-634F-4E9E-A728-D5642728BD56}.Release|Any CPU.Build.0 = Release|Any CPU
	EndGlobalSection
	GlobalSection(SolutionProperties) = preSolution
		HideSolutionNode = FALSE
	EndGlobalSection
	GlobalSection(NestedProjects) = preSolution
		{200098ED-62E7-40D1-B607-013A7799C167} = {EFCDD6F0-FB4C-4153-B003-569825DC212C}
	EndGlobalSection
	GlobalSection(ExtensibilityGlobals) = postSolution
		SolutionGuid = {B190BAF7-4AD9-4246-B38F-636C45823701}
	EndGlobalSection
EndGlobal
